Microsoft Visual Studio Solution File, Format Version 12.00
# Visual Studio Version 17
VisualStudioVersion = 17.13.35825.156
MinimumVisualStudioVersion = 10.0.40219.1
Project("{FAE04EC0-301F-11D3-BF4B-00C04F79EFBC}") = "Revisao_ASP_NET_MongoDB", "Revisao_ASP_NET_MongoDB\Revisao_ASP_NET_MongoDB.csproj", "{E2B6FD8A-BB3F-4ECB-BC40-9B2D7ACF413A}"
EndProject
Global
	GlobalSection(SolutionConfigurationPlatforms) = preSolution
		Debug|Any CPU = Debug|Any CPU
		Release|Any CPU = Release|Any CPU
	EndGlobalSection
	GlobalSection(ProjectConfigurationPlatforms) = postSolution
		{E2B6FD8A-BB3F-4ECB-BC40-9B2D7ACF413A}.Debug|Any CPU.ActiveCfg = Debug|Any CPU
		{E2B6FD8A-BB3F-4ECB-BC40-9B2D7ACF413A}.Debug|Any CPU.Build.0 = Debug|Any CPU
		{E2B6FD8A-BB3F-4ECB-BC40-9B2D7ACF413A}.Release|Any CPU.ActiveCfg = Release|Any CPU
		{E2B6FD8A-BB3F-4ECB-BC40-9B2D7ACF413A}.Release|Any CPU.Build.0 = Release|Any CPU
	EndGlobalSection
	GlobalSection(SolutionProperties) = preSolution
		HideSolutionNode = FALSE
	EndGlobalSection
	GlobalSection(ExtensibilityGlobals) = postSolution
		SolutionGuid = {FBCD76BF-1331-4396-92AE-D69173207A1B}
	EndGlobalSection
EndGlobal
